
Microsoft Visual Studio Solution File, Format Version 12.00
# Visual Studio Version 17
VisualStudioVersion = 17.12.35527.113
MinimumVisualStudioVersion = 10.0.40219.1
Project("{FAE04EC0-301F-11D3-BF4B-00C04F79EFBC}") = "task_02_02", "task_02_02\task_02_02.csproj", "{502EAC36-F83E-41A2-9BFE-11F750EDB26F}"
EndProject
Project("{FAE04EC0-301F-11D3-BF4B-00C04F79EFBC}") = "task_02_04", "task_02_04\task_02_04.csproj", "{EE1AE1C5-17EA-4946-9237-D9ECF427A706}"
EndProject
Project("{FAE04EC0-301F-11D3-BF4B-00C04F79EFBC}") = "task_03_04", "task_03_04\task_03_04.csproj", "{85B9EB9A-0FF7-426F-946C-030286CF1CFE}"
EndProject
Project("{FAE04EC0-301F-11D3-BF4B-00C04F79EFBC}") = "task_03_05", "task_03_05\task_03_05.csproj", "{750D5EE5-6F4F-49D1-A575-11B1FA086F55}"
EndProject
Project("{FAE04EC0-301F-11D3-BF4B-00C04F79EFBC}") = "task_03_06", "task_03_06\task_03_06.csproj", "{07A5CCE8-1A60-4D49-80D1-8837C75CE275}"
EndProject
Project("{FAE04EC0-301F-11D3-BF4B-00C04F79EFBC}") = "task_03_07", "task_03_07\task_03_07.csproj", "{8136190E-AF68-458C-8965-8C2A5A2ED6A5}"
EndProject
Project("{FAE04EC0-301F-11D3-BF4B-00C04F79EFBC}") = "task_03_08", "task_03_08\task_03_08.csproj", "{8F2CDA18-E823-4CC7-B97C-1A55983F544D}"
EndProject
Project("{FAE04EC0-301F-11D3-BF4B-00C04F79EFBC}") = "task_03_09", "task_03_09\task_03_09.csproj", "{DB1D8068-B785-43A6-B114-E47859DDE11C}"
EndProject
Project("{FAE04EC0-301F-11D3-BF4B-00C04F79EFBC}") = "task_04_05", "task_04_05\task_04_05.csproj", "{90E9EAC7-FF7E-4CB2-AAA1-1162EC26DDD8}"
EndProject
Project("{FAE04EC0-301F-11D3-BF4B-00C04F79EFBC}") = "task_04_06", "task_04_06\task_04_06.csproj", "{1A74F40D-F192-4A1A-9FE9-BC746101363C}"
EndProject
Project("{FAE04EC0-301F-11D3-BF4B-00C04F79EFBC}") = "task_04_07", "task_04_07\task_04_07.csproj", "{C7754C87-EB79-4AE3-8487-0214C35F0C4B}"
EndProject
Project("{FAE04EC0-301F-11D3-BF4B-00C04F79EFBC}") = "task_04_08", "task_04_08\task_04_08.csproj", "{F33B1839-D225-47C1-A3FB-8E627F990387}"
EndProject
Project("{FAE04EC0-301F-11D3-BF4B-00C04F79EFBC}") = "task_04_09", "task_04_09\task_04_09.csproj", "{C729BFF5-6D77-4E82-8F49-AC7658DFC8C7}"
EndProject
Project("{FAE04EC0-301F-11D3-BF4B-00C04F79EFBC}") = "task_04_10", "task_04_10\task_04_10.csproj", "{37ED6283-CC2B-4F8B-BAFA-582DFBF9D69C}"
EndProject
Project("{2150E333-8FDC-42A3-9474-1A3956D46DE8}") = "Lesson_02", "Lesson_02", "{184B7BD3-9206-4EEE-AF73-45485312D7AF}"
EndProject
Project("{2150E333-8FDC-42A3-9474-1A3956D46DE8}") = "Lesson_03", "Lesson_03", "{5C4FAB48-EABA-4A33-B6F4-BFD3A428A57A}"
EndProject
Project("{2150E333-8FDC-42A3-9474-1A3956D46DE8}") = "Lesson_04", "Lesson_04", "{92CA6A0E-E40C-49B8-8436-145EB8DE11F8}"
EndProject
Project("{2150E333-8FDC-42A3-9474-1A3956D46DE8}") = "Lesson_05", "Lesson_05", "{B216D754-4B6A-4409-87FC-3CFBA81A35A4}"
EndProject
Project("{FAE04EC0-301F-11D3-BF4B-00C04F79EFBC}") = "task_05_03", "task_05_03\task_05_03.csproj", "{B2161FB8-040B-43ED-8E4C-82856A6E17D6}"
EndProject
Project("{FAE04EC0-301F-11D3-BF4B-00C04F79EFBC}") = "task_05_04", "task_05_04\task_05_04.csproj", "{1ADB7153-7582-428F-9FAF-51718E11C425}"
EndProject
Project("{FAE04EC0-301F-11D3-BF4B-00C04F79EFBC}") = "task_05_05", "task_05_05\task_05_05.csproj", "{1F7A53F4-59D8-46E7-9D87-97FB75813491}"
EndProject
Project("{FAE04EC0-301F-11D3-BF4B-00C04F79EFBC}") = "task_05_06", "task_05_06\task_05_06.csproj", "{CCAFB4A2-2001-4D63-B1F7-DE1253ABE262}"
EndProject
Project("{FAE04EC0-301F-11D3-BF4B-00C04F79EFBC}") = "task_05_07", "task_05_07\task_05_07.csproj", "{565083C5-06BA-4949-BE6B-2F28EF37A460}"
EndProject
Project("{FAE04EC0-301F-11D3-BF4B-00C04F79EFBC}") = "task_05_08", "task_05_08\task_05_08.csproj", "{8C137C11-5403-4915-A24D-A9666C952D63}"
EndProject
Project("{FAE04EC0-301F-11D3-BF4B-00C04F79EFBC}") = "task_05_09", "task_05_09\task_05_09.csproj", "{B630B165-FE9C-4FB1-A07C-BD4FABA47ABA}"
EndProject
Global
	GlobalSection(SolutionConfigurationPlatforms) = preSolution
		Debug|Any CPU = Debug|Any CPU
		Release|Any CPU = Release|Any CPU
	EndGlobalSection
	GlobalSection(ProjectConfigurationPlatforms) = postSolution
		{502EAC36-F83E-41A2-9BFE-11F750EDB26F}.Debug|Any CPU.ActiveCfg = Debug|Any CPU
		{502EAC36-F83E-41A2-9BFE-11F750EDB26F}.Debug|Any CPU.Build.0 = Debug|Any CPU
		{502EAC36-F83E-41A2-9BFE-11F750EDB26F}.Release|Any CPU.ActiveCfg = Release|Any CPU
		{502EAC36-F83E-41A2-9BFE-11F750EDB26F}.Release|Any CPU.Build.0 = Release|Any CPU
		{EE1AE1C5-17EA-4946-9237-D9ECF427A706}.Debug|Any CPU.ActiveCfg = Debug|Any CPU
		{EE1AE1C5-17EA-4946-9237-D9ECF427A706}.Debug|Any CPU.Build.0 = Debug|Any CPU
		{EE1AE1C5-17EA-4946-9237-D9ECF427A706}.Release|Any CPU.ActiveCfg = Release|Any CPU
		{EE1AE1C5-17EA-4946-9237-D9ECF427A706}.Release|Any CPU.Build.0 = Release|Any CPU
		{85B9EB9A-0FF7-426F-946C-030286CF1CFE}.Debug|Any CPU.ActiveCfg = Debug|Any CPU
		{85B9EB9A-0FF7-426F-946C-030286CF1CFE}.Debug|Any CPU.Build.0 = Debug|Any CPU
		{85B9EB9A-0FF7-426F-946C-030286CF1CFE}.Release|Any CPU.ActiveCfg = Release|Any CPU
		{85B9EB9A-0FF7-426F-946C-030286CF1CFE}.Release|Any CPU.Build.0 = Release|Any CPU
		{750D5EE5-6F4F-49D1-A575-11B1FA086F55}.Debug|Any CPU.ActiveCfg = Debug|Any CPU
		{750D5EE5-6F4F-49D1-A575-11B1FA086F55}.Debug|Any CPU.Build.0 = Debug|Any CPU
		{750D5EE5-6F4F-49D1-A575-11B1FA086F55}.Release|Any CPU.ActiveCfg = Release|Any CPU
		{750D5EE5-6F4F-49D1-A575-11B1FA086F55}.Release|Any CPU.Build.0 = Release|Any CPU
		{07A5CCE8-1A60-4D49-80D1-8837C75CE275}.Debug|Any CPU.ActiveCfg = Debug|Any CPU
		{07A5CCE8-1A60-4D49-80D1-8837C75CE275}.Debug|Any CPU.Build.0 = Debug|Any CPU
		{07A5CCE8-1A60-4D49-80D1-8837C75CE275}.Release|Any CPU.ActiveCfg = Release|Any CPU
		{07A5CCE8-1A60-4D49-80D1-8837C75CE275}.Release|Any CPU.Build.0 = Release|Any CPU
		{8136190E-AF68-458C-8965-8C2A5A2ED6A5}.Debug|Any CPU.ActiveCfg = Debug|Any CPU
		{8136190E-AF68-458C-8965-8C2A5A2ED6A5}.Debug|Any CPU.Build.0 = Debug|Any CPU
		{8136190E-AF68-458C-8965-8C2A5A2ED6A5}.Release|Any CPU.ActiveCfg = Release|Any CPU
		{8136190E-AF68-458C-8965-8C2A5A2ED6A5}.Release|Any CPU.Build.0 = Release|Any CPU
		{8F2CDA18-E823-4CC7-B97C-1A55983F544D}.Debug|Any CPU.ActiveCfg = Debug|Any CPU
		{8F2CDA18-E823-4CC7-B97C-1A55983F544D}.Debug|Any CPU.Build.0 = Debug|Any CPU
		{8F2CDA18-E823-4CC7-B97C-1A55983F544D}.Release|Any CPU.ActiveCfg = Release|Any CPU
		{8F2CDA18-E823-4CC7-B97C-1A55983F544D}.Release|Any CPU.Build.0 = Release|Any CPU
		{DB1D8068-B785-43A6-B114-E47859DDE11C}.Debug|Any CPU.ActiveCfg = Debug|Any CPU
		{DB1D8068-B785-43A6-B114-E47859DDE11C}.Debug|Any CPU.Build.0 = Debug|Any CPU
		{DB1D8068-B785-43A6-B114-E47859DDE11C}.Release|Any CPU.ActiveCfg = Release|Any CPU
		{DB1D8068-B785-43A6-B114-E47859DDE11C}.Release|Any CPU.Build.0 = Release|Any CPU
		{90E9EAC7-FF7E-4CB2-AAA1-1162EC26DDD8}.Debug|Any CPU.ActiveCfg = Debug|Any CPU
		{90E9EAC7-FF7E-4CB2-AAA1-1162EC26DDD8}.Debug|Any CPU.Build.0 = Debug|Any CPU
		{90E9EAC7-FF7E-4CB2-AAA1-1162EC26DDD8}.Release|Any CPU.ActiveCfg = Release|Any CPU
		{90E9EAC7-FF7E-4CB2-AAA1-1162EC26DDD8}.Release|Any CPU.Build.0 = Release|Any CPU
		{1A74F40D-F192-4A1A-9FE9-BC746101363C}.Debug|Any CPU.ActiveCfg = Debug|Any CPU
		{1A74F40D-F192-4A1A-9FE9-BC746101363C}.Debug|Any CPU.Build.0 = Debug|Any CPU
		{1A74F40D-F192-4A1A-9FE9-BC746101363C}.Release|Any CPU.ActiveCfg = Release|Any CPU
		{1A74F40D-F192-4A1A-9FE9-BC746101363C}.Release|Any CPU.Build.0 = Release|Any CPU
		{C7754C87-EB79-4AE3-8487-0214C35F0C4B}.Debug|Any CPU.ActiveCfg = Debug|Any CPU
		{C7754C87-EB79-4AE3-8487-0214C35F0C4B}.Debug|Any CPU.Build.0 = Debug|Any CPU
		{C7754C87-EB79-4AE3-8487-0214C35F0C4B}.Release|Any CPU.ActiveCfg = Release|Any CPU
		{C7754C87-EB79-4AE3-8487-0214C35F0C4B}.Release|Any CPU.Build.0 = Release|Any CPU
		{F33B1839-D225-47C1-A3FB-8E627F990387}.Debug|Any CPU.ActiveCfg = Debug|Any CPU
		{F33B1839-D225-47C1-A3FB-8E627F990387}.Debug|Any CPU.Build.0 = Debug|Any CPU
		{F33B1839-D225-47C1-A3FB-8E627F990387}.Release|Any CPU.ActiveCfg = Release|Any CPU
		{F33B1839-D225-47C1-A3FB-8E627F990387}.Release|Any CPU.Build.0 = Release|Any CPU
		{C729BFF5-6D77-4E82-8F49-AC7658DFC8C7}.Debug|Any CPU.ActiveCfg = Debug|Any CPU
		{C729BFF5-6D77-4E82-8F49-AC7658DFC8C7}.Debug|Any CPU.Build.0 = Debug|Any CPU
		{C729BFF5-6D77-4E82-8F49-AC7658DFC8C7}.Release|Any CPU.ActiveCfg = Release|Any CPU
		{C729BFF5-6D77-4E82-8F49-AC7658DFC8C7}.Release|Any CPU.Build.0 = Release|Any CPU
		{37ED6283-CC2B-4F8B-BAFA-582DFBF9D69C}.Debug|Any CPU.ActiveCfg = Debug|Any CPU
		{37ED6283-CC2B-4F8B-BAFA-582DFBF9D69C}.Debug|Any CPU.Build.0 = Debug|Any CPU
		{37ED6283-CC2B-4F8B-BAFA-582DFBF9D69C}.Release|Any CPU.ActiveCfg = Release|Any CPU
		{37ED6283-CC2B-4F8B-BAFA-582DFBF9D69C}.Release|Any CPU.Build.0 = Release|Any CPU
		{B2161FB8-040B-43ED-8E4C-82856A6E17D6}.Debug|Any CPU.ActiveCfg = Debug|Any CPU
		{B2161FB8-040B-43ED-8E4C-82856A6E17D6}.Debug|Any CPU.Build.0 = Debug|Any CPU
		{B2161FB8-040B-43ED-8E4C-82856A6E17D6}.Release|Any CPU.ActiveCfg = Release|Any CPU
		{B2161FB8-040B-43ED-8E4C-82856A6E17D6}.Release|Any CPU.Build.0 = Release|Any CPU
		{1ADB7153-7582-428F-9FAF-51718E11C425}.Debug|Any CPU.ActiveCfg = Debug|Any CPU
		{1ADB7153-7582-428F-9FAF-51718E11C425}.Debug|Any CPU.Build.0 = Debug|Any CPU
		{1ADB7153-7582-428F-9FAF-51718E11C425}.Release|Any CPU.ActiveCfg = Release|Any CPU
		{1ADB7153-7582-428F-9FAF-51718E11C425}.Release|Any CPU.Build.0 = Release|Any CPU
		{1F7A53F4-59D8-46E7-9D87-97FB75813491}.Debug|Any CPU.ActiveCfg = Debug|Any CPU
		{1F7A53F4-59D8-46E7-9D87-97FB75813491}.Debug|Any CPU.Build.0 = Debug|Any CPU
		{1F7A53F4-59D8-46E7-9D87-97FB75813491}.Release|Any CPU.ActiveCfg = Release|Any CPU
		{1F7A53F4-59D8-46E7-9D87-97FB75813491}.Release|Any CPU.Build.0 = Release|Any CPU
		{CCAFB4A2-2001-4D63-B1F7-DE1253ABE262}.Debug|Any CPU.ActiveCfg = Debug|Any CPU
		{CCAFB4A2-2001-4D63-B1F7-DE1253ABE262}.Debug|Any CPU.Build.0 = Debug|Any CPU
		{CCAFB4A2-2001-4D63-B1F7-DE1253ABE262}.Release|Any CPU.ActiveCfg = Release|Any CPU
		{CCAFB4A2-2001-4D63-B1F7-DE1253ABE262}.Release|Any CPU.Build.0 = Release|Any CPU
		{565083C5-06BA-4949-BE6B-2F28EF37A460}.Debug|Any CPU.ActiveCfg = Debug|Any CPU
		{565083C5-06BA-4949-BE6B-2F28EF37A460}.Debug|Any CPU.Build.0 = Debug|Any CPU
		{565083C5-06BA-4949-BE6B-2F28EF37A460}.Release|Any CPU.ActiveCfg = Release|Any CPU
		{565083C5-06BA-4949-BE6B-2F28EF37A460}.Release|Any CPU.Build.0 = Release|Any CPU
		{8C137C11-5403-4915-A24D-A9666C952D63}.Debug|Any CPU.ActiveCfg = Debug|Any CPU
		{8C137C11-5403-4915-A24D-A9666C952D63}.Debug|Any CPU.Build.0 = Debug|Any CPU
		{8C137C11-5403-4915-A24D-A9666C952D63}.Release|Any CPU.ActiveCfg = Release|Any CPU
		{8C137C11-5403-4915-A24D-A9666C952D63}.Release|Any CPU.Build.0 = Release|Any CPU
		{B630B165-FE9C-4FB1-A07C-BD4FABA47ABA}.Debug|Any CPU.ActiveCfg = Debug|Any CPU
		{B630B165-FE9C-4FB1-A07C-BD4FABA47ABA}.Debug|Any CPU.Build.0 = Debug|Any CPU
		{B630B165-FE9C-4FB1-A07C-BD4FABA47ABA}.Release|Any CPU.ActiveCfg = Release|Any CPU
		{B630B165-FE9C-4FB1-A07C-BD4FABA47ABA}.Release|Any CPU.Build.0 = Release|Any CPU
	EndGlobalSection
	GlobalSection(SolutionProperties) = preSolution
		HideSolutionNode = FALSE
	EndGlobalSection
	GlobalSection(NestedProjects) = preSolution
		{502EAC36-F83E-41A2-9BFE-11F750EDB26F} = {184B7BD3-9206-4EEE-AF73-45485312D7AF}
		{EE1AE1C5-17EA-4946-9237-D9ECF427A706} = {184B7BD3-9206-4EEE-AF73-45485312D7AF}
		{85B9EB9A-0FF7-426F-946C-030286CF1CFE} = {5C4FAB48-EABA-4A33-B6F4-BFD3A428A57A}
		{750D5EE5-6F4F-49D1-A575-11B1FA086F55} = {5C4FAB48-EABA-4A33-B6F4-BFD3A428A57A}
		{07A5CCE8-1A60-4D49-80D1-8837C75CE275} = {5C4FAB48-EABA-4A33-B6F4-BFD3A428A57A}
		{8136190E-AF68-458C-8965-8C2A5A2ED6A5} = {5C4FAB48-EABA-4A33-B6F4-BFD3A428A57A}
		{8F2CDA18-E823-4CC7-B97C-1A55983F544D} = {5C4FAB48-EABA-4A33-B6F4-BFD3A428A57A}
		{DB1D8068-B785-43A6-B114-E47859DDE11C} = {5C4FAB48-EABA-4A33-B6F4-BFD3A428A57A}
		{90E9EAC7-FF7E-4CB2-AAA1-1162EC26DDD8} = {92CA6A0E-E40C-49B8-8436-145EB8DE11F8}
		{1A74F40D-F192-4A1A-9FE9-BC746101363C} = {92CA6A0E-E40C-49B8-8436-145EB8DE11F8}
		{C7754C87-EB79-4AE3-8487-0214C35F0C4B} = {92CA6A0E-E40C-49B8-8436-145EB8DE11F8}
		{F33B1839-D225-47C1-A3FB-8E627F990387} = {92CA6A0E-E40C-49B8-8436-145EB8DE11F8}
		{C729BFF5-6D77-4E82-8F49-AC7658DFC8C7} = {92CA6A0E-E40C-49B8-8436-145EB8DE11F8}
		{37ED6283-CC2B-4F8B-BAFA-582DFBF9D69C} = {92CA6A0E-E40C-49B8-8436-145EB8DE11F8}
		{B2161FB8-040B-43ED-8E4C-82856A6E17D6} = {B216D754-4B6A-4409-87FC-3CFBA81A35A4}
		{1ADB7153-7582-428F-9FAF-51718E11C425} = {B216D754-4B6A-4409-87FC-3CFBA81A35A4}
		{1F7A53F4-59D8-46E7-9D87-97FB75813491} = {B216D754-4B6A-4409-87FC-3CFBA81A35A4}
		{CCAFB4A2-2001-4D63-B1F7-DE1253ABE262} = {B216D754-4B6A-4409-87FC-3CFBA81A35A4}
		{565083C5-06BA-4949-BE6B-2F28EF37A460} = {B216D754-4B6A-4409-87FC-3CFBA81A35A4}
		{8C137C11-5403-4915-A24D-A9666C952D63} = {B216D754-4B6A-4409-87FC-3CFBA81A35A4}
		{B630B165-FE9C-4FB1-A07C-BD4FABA47ABA} = {B216D754-4B6A-4409-87FC-3CFBA81A35A4}
	EndGlobalSection
EndGlobal
